// !$*UTF8*$!
{
	archiveVersion = 1;
	classes = {
	};
	objectVersion = 56;
	objects = {

/* Begin PBXBuildFile section */
		1D69F09029E6A300002AD062 /* GithubSearchMainViewController.swift in Sources */ = {isa = PBXBuildFile; fileRef = 1D69F08F29E6A300002AD062 /* GithubSearchMainViewController.swift */; };
		1D69F09229E6A30B002AD062 /* GithubSearchMainReactor.swift in Sources */ = {isa = PBXBuildFile; fileRef = 1D69F09129E6A30B002AD062 /* GithubSearchMainReactor.swift */; };
		1D69F09429E6A318002AD062 /* GithubSearchMainViewController.storyboard in Resources */ = {isa = PBXBuildFile; fileRef = 1D69F09329E6A318002AD062 /* GithubSearchMainViewController.storyboard */; };
		1D69F09629E6A88D002AD062 /* GithubSearchFlow.swift in Sources */ = {isa = PBXBuildFile; fileRef = 1D69F09529E6A88D002AD062 /* GithubSearchFlow.swift */; };
		1D69F09829E6AD80002AD062 /* DashboardFlow.swift in Sources */ = {isa = PBXBuildFile; fileRef = 1D69F09729E6AD80002AD062 /* DashboardFlow.swift */; };
		1DE8745C29EA55C30019766C /* GithubSearchResultViewController.storyboard in Resources */ = {isa = PBXBuildFile; fileRef = 1DE8745B29EA55C30019766C /* GithubSearchResultViewController.storyboard */; };
		1DE8745E29EA5B500019766C /* GithubSearchResultReactor.swift in Sources */ = {isa = PBXBuildFile; fileRef = 1DE8745D29EA5B500019766C /* GithubSearchResultReactor.swift */; };
		1DE8746029EA5B5B0019766C /* GithubSearchResultViewController.swift in Sources */ = {isa = PBXBuildFile; fileRef = 1DE8745F29EA5B5B0019766C /* GithubSearchResultViewController.swift */; };
		1DE8746329EA60A80019766C /* NetworkManagerType.swift in Sources */ = {isa = PBXBuildFile; fileRef = 1DE8746229EA60A80019766C /* NetworkManagerType.swift */; };
		1DE8746529EA61090019766C /* ReqeustType.swift in Sources */ = {isa = PBXBuildFile; fileRef = 1DE8746429EA61090019766C /* ReqeustType.swift */; };
		1DE8746729EA61670019766C /* HTTPMethod.swift in Sources */ = {isa = PBXBuildFile; fileRef = 1DE8746629EA61670019766C /* HTTPMethod.swift */; };
		1DE8746929EA61D20019766C /* ResponseType.swift in Sources */ = {isa = PBXBuildFile; fileRef = 1DE8746829EA61D20019766C /* ResponseType.swift */; };
		1DE8746C29EA62660019766C /* NetworkManger.swift in Sources */ = {isa = PBXBuildFile; fileRef = 1DE8746B29EA62660019766C /* NetworkManger.swift */; };
		1DE8746E29EA65110019766C /* NetworkError.swift in Sources */ = {isa = PBXBuildFile; fileRef = 1DE8746D29EA65110019766C /* NetworkError.swift */; };
		1DF78C6C29EA78E1000F7DAE /* NetworkTests.swift in Sources */ = {isa = PBXBuildFile; fileRef = 1DF78C6B29EA78E1000F7DAE /* NetworkTests.swift */; };
		1DF78C8A29EA82B7000F7DAE /* GithubRequest.swift in Sources */ = {isa = PBXBuildFile; fileRef = 1DF78C8929EA82B7000F7DAE /* GithubRequest.swift */; };
		1DF78C8C29EA835D000F7DAE /* GithubSearch.swift in Sources */ = {isa = PBXBuildFile; fileRef = 1DF78C8B29EA835D000F7DAE /* GithubSearch.swift */; };
		1DF78C9129EA8F3F000F7DAE /* UIAlertController+.swift in Sources */ = {isa = PBXBuildFile; fileRef = 1DF78C9029EA8F3F000F7DAE /* UIAlertController+.swift */; };
		1DFD5DB129E2E32600362CC4 /* SampleStep.swift in Sources */ = {isa = PBXBuildFile; fileRef = 1DFD5DB029E2E32600362CC4 /* SampleStep.swift */; };
		1DFD5DB329E2E32D00362CC4 /* AppFlow.swift in Sources */ = {isa = PBXBuildFile; fileRef = 1DFD5DB229E2E32D00362CC4 /* AppFlow.swift */; };
		1DFD5DC129E2E76800362CC4 /* MemoFlow.swift in Sources */ = {isa = PBXBuildFile; fileRef = 1DFD5DC029E2E76800362CC4 /* MemoFlow.swift */; };
		1DFD5DC329E2EE4400362CC4 /* ServiceProvider.swift in Sources */ = {isa = PBXBuildFile; fileRef = 1DFD5DC229E2EE4400362CC4 /* ServiceProvider.swift */; };
		1DFD5DC529E2F7FC00362CC4 /* MemoListViewController.storyboard in Resources */ = {isa = PBXBuildFile; fileRef = 1DFD5DC429E2F7FC00362CC4 /* MemoListViewController.storyboard */; };
		1DFD5DC729E3D8E200362CC4 /* MemoDetailViewController.storyboard in Resources */ = {isa = PBXBuildFile; fileRef = 1DFD5DC629E3D8E200362CC4 /* MemoDetailViewController.storyboard */; };
		1DFD5DC929E3D91000362CC4 /* MemoComposeViewController.storyboard in Resources */ = {isa = PBXBuildFile; fileRef = 1DFD5DC829E3D91000362CC4 /* MemoComposeViewController.storyboard */; };
		1DFD5DD029E3F35A00362CC4 /* UIViewController+Rx.swift in Sources */ = {isa = PBXBuildFile; fileRef = 1DFD5DCF29E3F35A00362CC4 /* UIViewController+Rx.swift */; };
		8C8ACE51C46CCF3541C4D780 /* libPods-Sample-projectTests.a in Frameworks */ = {isa = PBXBuildFile; fileRef = E6712A42BB5D03807FE26F90 /* libPods-Sample-projectTests.a */; };
		BD35E2EC29E0049F00026C5D /* AppDelegate.swift in Sources */ = {isa = PBXBuildFile; fileRef = BD35E2EB29E0049F00026C5D /* AppDelegate.swift */; };
		BD35E2EE29E0049F00026C5D /* SceneDelegate.swift in Sources */ = {isa = PBXBuildFile; fileRef = BD35E2ED29E0049F00026C5D /* SceneDelegate.swift */; };
		BD35E2F029E0049F00026C5D /* MemoListViewController.swift in Sources */ = {isa = PBXBuildFile; fileRef = BD35E2EF29E0049F00026C5D /* MemoListViewController.swift */; };
		BD35E2F529E004A600026C5D /* Assets.xcassets in Resources */ = {isa = PBXBuildFile; fileRef = BD35E2F429E004A600026C5D /* Assets.xcassets */; };
		BD35E2F829E004A600026C5D /* LaunchScreen.storyboard in Resources */ = {isa = PBXBuildFile; fileRef = BD35E2F629E004A600026C5D /* LaunchScreen.storyboard */; };
		BD35E31629E008CA00026C5D /* Memo.swift in Sources */ = {isa = PBXBuildFile; fileRef = BD35E31529E008CA00026C5D /* Memo.swift */; };
		BD35E31A29E0097B00026C5D /* MemoStorageType.swift in Sources */ = {isa = PBXBuildFile; fileRef = BD35E31929E0097B00026C5D /* MemoStorageType.swift */; };
		BD35E32129E00A9C00026C5D /* MemoryStorage.swift in Sources */ = {isa = PBXBuildFile; fileRef = BD35E32029E00A9C00026C5D /* MemoryStorage.swift */; };
		BD35E32529E00EA200026C5D /* MemoDetailViewController.swift in Sources */ = {isa = PBXBuildFile; fileRef = BD35E32429E00EA200026C5D /* MemoDetailViewController.swift */; };
		BD35E32829E00ED000026C5D /* MemoComposeViewController.swift in Sources */ = {isa = PBXBuildFile; fileRef = BD35E32729E00ED000026C5D /* MemoComposeViewController.swift */; };
		BD35E32A29E00F2300026C5D /* MemoListReactor.swift in Sources */ = {isa = PBXBuildFile; fileRef = BD35E32929E00F2300026C5D /* MemoListReactor.swift */; };
		BD35E32C29E00FCE00026C5D /* MemoDetailReactor.swift in Sources */ = {isa = PBXBuildFile; fileRef = BD35E32B29E00FCE00026C5D /* MemoDetailReactor.swift */; };
		BD35E32E29E0100100026C5D /* MemoComposeReactor.swift in Sources */ = {isa = PBXBuildFile; fileRef = BD35E32D29E0100100026C5D /* MemoComposeReactor.swift */; };
		E0A3A6CC3444FE5E33FDF00D /* libPods-Sample-project.a in Frameworks */ = {isa = PBXBuildFile; fileRef = 40D1CDED6B929257B31396C9 /* libPods-Sample-project.a */; };
/* End PBXBuildFile section */

/* Begin PBXContainerItemProxy section */
		1DF78C6D29EA78E1000F7DAE /* PBXContainerItemProxy */ = {
			isa = PBXContainerItemProxy;
			containerPortal = BD35E2E029E0049F00026C5D /* Project object */;
			proxyType = 1;
			remoteGlobalIDString = BD35E2E729E0049F00026C5D;
			remoteInfo = "Sample-project";
		};
/* End PBXContainerItemProxy section */

/* Begin PBXFileReference section */
		1D69F08F29E6A300002AD062 /* GithubSearchMainViewController.swift */ = {isa = PBXFileReference; lastKnownFileType = sourcecode.swift; path = GithubSearchMainViewController.swift; sourceTree = "<group>"; };
		1D69F09129E6A30B002AD062 /* GithubSearchMainReactor.swift */ = {isa = PBXFileReference; lastKnownFileType = sourcecode.swift; path = GithubSearchMainReactor.swift; sourceTree = "<group>"; };
		1D69F09329E6A318002AD062 /* GithubSearchMainViewController.storyboard */ = {isa = PBXFileReference; lastKnownFileType = file.storyboard; path = GithubSearchMainViewController.storyboard; sourceTree = "<group>"; };
		1D69F09529E6A88D002AD062 /* GithubSearchFlow.swift */ = {isa = PBXFileReference; lastKnownFileType = sourcecode.swift; path = GithubSearchFlow.swift; sourceTree = "<group>"; };
		1D69F09729E6AD80002AD062 /* DashboardFlow.swift */ = {isa = PBXFileReference; lastKnownFileType = sourcecode.swift; path = DashboardFlow.swift; sourceTree = "<group>"; };
		1DE8745B29EA55C30019766C /* GithubSearchResultViewController.storyboard */ = {isa = PBXFileReference; lastKnownFileType = file.storyboard; path = GithubSearchResultViewController.storyboard; sourceTree = "<group>"; };
		1DE8745D29EA5B500019766C /* GithubSearchResultReactor.swift */ = {isa = PBXFileReference; lastKnownFileType = sourcecode.swift; path = GithubSearchResultReactor.swift; sourceTree = "<group>"; };
		1DE8745F29EA5B5B0019766C /* GithubSearchResultViewController.swift */ = {isa = PBXFileReference; lastKnownFileType = sourcecode.swift; path = GithubSearchResultViewController.swift; sourceTree = "<group>"; };
		1DE8746229EA60A80019766C /* NetworkManagerType.swift */ = {isa = PBXFileReference; lastKnownFileType = sourcecode.swift; path = NetworkManagerType.swift; sourceTree = "<group>"; };
		1DE8746429EA61090019766C /* ReqeustType.swift */ = {isa = PBXFileReference; lastKnownFileType = sourcecode.swift; path = ReqeustType.swift; sourceTree = "<group>"; };
		1DE8746629EA61670019766C /* HTTPMethod.swift */ = {isa = PBXFileReference; lastKnownFileType = sourcecode.swift; path = HTTPMethod.swift; sourceTree = "<group>"; };
		1DE8746829EA61D20019766C /* ResponseType.swift */ = {isa = PBXFileReference; lastKnownFileType = sourcecode.swift; path = ResponseType.swift; sourceTree = "<group>"; };
		1DE8746B29EA62660019766C /* NetworkManger.swift */ = {isa = PBXFileReference; lastKnownFileType = sourcecode.swift; path = NetworkManger.swift; sourceTree = "<group>"; };
		1DE8746D29EA65110019766C /* NetworkError.swift */ = {isa = PBXFileReference; lastKnownFileType = sourcecode.swift; path = NetworkError.swift; sourceTree = "<group>"; };
		1DF78C6929EA78E0000F7DAE /* Sample-projectTests.xctest */ = {isa = PBXFileReference; explicitFileType = wrapper.cfbundle; includeInIndex = 0; path = "Sample-projectTests.xctest"; sourceTree = BUILT_PRODUCTS_DIR; };
		1DF78C6B29EA78E1000F7DAE /* NetworkTests.swift */ = {isa = PBXFileReference; lastKnownFileType = sourcecode.swift; path = NetworkTests.swift; sourceTree = "<group>"; };
		1DF78C8929EA82B7000F7DAE /* GithubRequest.swift */ = {isa = PBXFileReference; lastKnownFileType = sourcecode.swift; path = GithubRequest.swift; sourceTree = "<group>"; };
		1DF78C8B29EA835D000F7DAE /* GithubSearch.swift */ = {isa = PBXFileReference; lastKnownFileType = sourcecode.swift; path = GithubSearch.swift; sourceTree = "<group>"; };
		1DF78C9029EA8F3F000F7DAE /* UIAlertController+.swift */ = {isa = PBXFileReference; lastKnownFileType = sourcecode.swift; path = "UIAlertController+.swift"; sourceTree = "<group>"; };
		1DFD5DB029E2E32600362CC4 /* SampleStep.swift */ = {isa = PBXFileReference; lastKnownFileType = sourcecode.swift; path = SampleStep.swift; sourceTree = "<group>"; };
		1DFD5DB229E2E32D00362CC4 /* AppFlow.swift */ = {isa = PBXFileReference; lastKnownFileType = sourcecode.swift; path = AppFlow.swift; sourceTree = "<group>"; };
		1DFD5DC029E2E76800362CC4 /* MemoFlow.swift */ = {isa = PBXFileReference; lastKnownFileType = sourcecode.swift; path = MemoFlow.swift; sourceTree = "<group>"; };
		1DFD5DC229E2EE4400362CC4 /* ServiceProvider.swift */ = {isa = PBXFileReference; lastKnownFileType = sourcecode.swift; path = ServiceProvider.swift; sourceTree = "<group>"; };
		1DFD5DC429E2F7FC00362CC4 /* MemoListViewController.storyboard */ = {isa = PBXFileReference; lastKnownFileType = file.storyboard; path = MemoListViewController.storyboard; sourceTree = "<group>"; };
		1DFD5DC629E3D8E200362CC4 /* MemoDetailViewController.storyboard */ = {isa = PBXFileReference; lastKnownFileType = file.storyboard; path = MemoDetailViewController.storyboard; sourceTree = "<group>"; };
		1DFD5DC829E3D91000362CC4 /* MemoComposeViewController.storyboard */ = {isa = PBXFileReference; lastKnownFileType = file.storyboard; path = MemoComposeViewController.storyboard; sourceTree = "<group>"; };
		1DFD5DCF29E3F35A00362CC4 /* UIViewController+Rx.swift */ = {isa = PBXFileReference; lastKnownFileType = sourcecode.swift; path = "UIViewController+Rx.swift"; sourceTree = "<group>"; };
		33C149A1968A7E7D7EDFDF5C /* Pods-Sample-project.debug.xcconfig */ = {isa = PBXFileReference; includeInIndex = 1; lastKnownFileType = text.xcconfig; name = "Pods-Sample-project.debug.xcconfig"; path = "Target Support Files/Pods-Sample-project/Pods-Sample-project.debug.xcconfig"; sourceTree = "<group>"; };
		40D1CDED6B929257B31396C9 /* libPods-Sample-project.a */ = {isa = PBXFileReference; explicitFileType = archive.ar; includeInIndex = 0; path = "libPods-Sample-project.a"; sourceTree = BUILT_PRODUCTS_DIR; };
		5D50D647335F20A979A1811D /* Pods-Sample-project.release.xcconfig */ = {isa = PBXFileReference; includeInIndex = 1; lastKnownFileType = text.xcconfig; name = "Pods-Sample-project.release.xcconfig"; path = "Target Support Files/Pods-Sample-project/Pods-Sample-project.release.xcconfig"; sourceTree = "<group>"; };
		A379B5EEC7334BDE7C43C689 /* Pods-Sample-projectTests.release.xcconfig */ = {isa = PBXFileReference; includeInIndex = 1; lastKnownFileType = text.xcconfig; name = "Pods-Sample-projectTests.release.xcconfig"; path = "Target Support Files/Pods-Sample-projectTests/Pods-Sample-projectTests.release.xcconfig"; sourceTree = "<group>"; };
		B0BCC204F55D5E5C5CF3EDCC /* Pods-Sample-projectTests.debug.xcconfig */ = {isa = PBXFileReference; includeInIndex = 1; lastKnownFileType = text.xcconfig; name = "Pods-Sample-projectTests.debug.xcconfig"; path = "Target Support Files/Pods-Sample-projectTests/Pods-Sample-projectTests.debug.xcconfig"; sourceTree = "<group>"; };
		BD35E2E829E0049F00026C5D /* Sample-project.app */ = {isa = PBXFileReference; explicitFileType = wrapper.application; includeInIndex = 0; path = "Sample-project.app"; sourceTree = BUILT_PRODUCTS_DIR; };
		BD35E2EB29E0049F00026C5D /* AppDelegate.swift */ = {isa = PBXFileReference; lastKnownFileType = sourcecode.swift; path = AppDelegate.swift; sourceTree = "<group>"; };
		BD35E2ED29E0049F00026C5D /* SceneDelegate.swift */ = {isa = PBXFileReference; lastKnownFileType = sourcecode.swift; path = SceneDelegate.swift; sourceTree = "<group>"; };
		BD35E2EF29E0049F00026C5D /* MemoListViewController.swift */ = {isa = PBXFileReference; lastKnownFileType = sourcecode.swift; path = MemoListViewController.swift; sourceTree = "<group>"; };
		BD35E2F429E004A600026C5D /* Assets.xcassets */ = {isa = PBXFileReference; lastKnownFileType = folder.assetcatalog; path = Assets.xcassets; sourceTree = "<group>"; };
		BD35E2F729E004A600026C5D /* Base */ = {isa = PBXFileReference; lastKnownFileType = file.storyboard; name = Base; path = Base.lproj/LaunchScreen.storyboard; sourceTree = "<group>"; };
		BD35E2F929E004A600026C5D /* Info.plist */ = {isa = PBXFileReference; lastKnownFileType = text.plist.xml; path = Info.plist; sourceTree = "<group>"; };
		BD35E31529E008CA00026C5D /* Memo.swift */ = {isa = PBXFileReference; lastKnownFileType = sourcecode.swift; path = Memo.swift; sourceTree = "<group>"; };
		BD35E31929E0097B00026C5D /* MemoStorageType.swift */ = {isa = PBXFileReference; lastKnownFileType = sourcecode.swift; path = MemoStorageType.swift; sourceTree = "<group>"; };
		BD35E32029E00A9C00026C5D /* MemoryStorage.swift */ = {isa = PBXFileReference; lastKnownFileType = sourcecode.swift; path = MemoryStorage.swift; sourceTree = "<group>"; };
		BD35E32429E00EA200026C5D /* MemoDetailViewController.swift */ = {isa = PBXFileReference; lastKnownFileType = sourcecode.swift; path = MemoDetailViewController.swift; sourceTree = "<group>"; };
		BD35E32729E00ED000026C5D /* MemoComposeViewController.swift */ = {isa = PBXFileReference; lastKnownFileType = sourcecode.swift; path = MemoComposeViewController.swift; sourceTree = "<group>"; };
		BD35E32929E00F2300026C5D /* MemoListReactor.swift */ = {isa = PBXFileReference; lastKnownFileType = sourcecode.swift; path = MemoListReactor.swift; sourceTree = "<group>"; };
		BD35E32B29E00FCE00026C5D /* MemoDetailReactor.swift */ = {isa = PBXFileReference; lastKnownFileType = sourcecode.swift; path = MemoDetailReactor.swift; sourceTree = "<group>"; };
		BD35E32D29E0100100026C5D /* MemoComposeReactor.swift */ = {isa = PBXFileReference; lastKnownFileType = sourcecode.swift; path = MemoComposeReactor.swift; sourceTree = "<group>"; };
		E6712A42BB5D03807FE26F90 /* libPods-Sample-projectTests.a */ = {isa = PBXFileReference; explicitFileType = archive.ar; includeInIndex = 0; path = "libPods-Sample-projectTests.a"; sourceTree = BUILT_PRODUCTS_DIR; };
/* End PBXFileReference section */

/* Begin PBXFrameworksBuildPhase section */
		1DF78C6629EA78E0000F7DAE /* Frameworks */ = {
			isa = PBXFrameworksBuildPhase;
			buildActionMask = 2147483647;
			files = (
				8C8ACE51C46CCF3541C4D780 /* libPods-Sample-projectTests.a in Frameworks */,
			);
			runOnlyForDeploymentPostprocessing = 0;
		};
		BD35E2E529E0049F00026C5D /* Frameworks */ = {
			isa = PBXFrameworksBuildPhase;
			buildActionMask = 2147483647;
			files = (
				E0A3A6CC3444FE5E33FDF00D /* libPods-Sample-project.a in Frameworks */,
			);
			runOnlyForDeploymentPostprocessing = 0;
		};
/* End PBXFrameworksBuildPhase section */

/* Begin PBXGroup section */
		0EC7481300C140BBB4C48C11 /* Pods */ = {
			isa = PBXGroup;
			children = (
				33C149A1968A7E7D7EDFDF5C /* Pods-Sample-project.debug.xcconfig */,
				5D50D647335F20A979A1811D /* Pods-Sample-project.release.xcconfig */,
				B0BCC204F55D5E5C5CF3EDCC /* Pods-Sample-projectTests.debug.xcconfig */,
				A379B5EEC7334BDE7C43C689 /* Pods-Sample-projectTests.release.xcconfig */,
			);
			path = Pods;
			sourceTree = "<group>";
		};
		1D69F08C29E6A195002AD062 /* Memo */ = {
			isa = PBXGroup;
			children = (
				BD35E32629E00EB100026C5D /* MemoCompose */,
				BD35E32329E00E9300026C5D /* MemoDetail */,
				BD35E32229E00E8100026C5D /* MemoList */,
			);
			path = Memo;
			sourceTree = "<group>";
		};
		1D69F08D29E6A29B002AD062 /* GithubSearch */ = {
			isa = PBXGroup;
			children = (
				1DE8745A29EA54EC0019766C /* GithubSearchResult */,
				1D69F08E29E6A2EC002AD062 /* GithubSearchMain */,
			);
			path = GithubSearch;
			sourceTree = "<group>";
		};
		1D69F08E29E6A2EC002AD062 /* GithubSearchMain */ = {
			isa = PBXGroup;
			children = (
				1D69F09329E6A318002AD062 /* GithubSearchMainViewController.storyboard */,
				1D69F08F29E6A300002AD062 /* GithubSearchMainViewController.swift */,
				1D69F09129E6A30B002AD062 /* GithubSearchMainReactor.swift */,
			);
			path = GithubSearchMain;
			sourceTree = "<group>";
		};
		1DE8745A29EA54EC0019766C /* GithubSearchResult */ = {
			isa = PBXGroup;
			children = (
				1DE8745B29EA55C30019766C /* GithubSearchResultViewController.storyboard */,
				1DE8745F29EA5B5B0019766C /* GithubSearchResultViewController.swift */,
				1DE8745D29EA5B500019766C /* GithubSearchResultReactor.swift */,
			);
			path = GithubSearchResult;
			sourceTree = "<group>";
		};
		1DE8746129EA60500019766C /* NetworkManager */ = {
			isa = PBXGroup;
			children = (
				1DE8746A29EA62530019766C /* protocols */,
				1DE8746B29EA62660019766C /* NetworkManger.swift */,
				1DE8746D29EA65110019766C /* NetworkError.swift */,
			);
			path = NetworkManager;
			sourceTree = "<group>";
		};
		1DE8746A29EA62530019766C /* protocols */ = {
			isa = PBXGroup;
			children = (
				1DE8746229EA60A80019766C /* NetworkManagerType.swift */,
				1DE8746429EA61090019766C /* ReqeustType.swift */,
				1DE8746829EA61D20019766C /* ResponseType.swift */,
				1DE8746629EA61670019766C /* HTTPMethod.swift */,
			);
			path = protocols;
			sourceTree = "<group>";
		};
		1DF78C5129EA710B000F7DAE /* Frameworks */ = {
			isa = PBXGroup;
			children = (
				40D1CDED6B929257B31396C9 /* libPods-Sample-project.a */,
				E6712A42BB5D03807FE26F90 /* libPods-Sample-projectTests.a */,
			);
			name = Frameworks;
			sourceTree = "<group>";
		};
		1DF78C6A29EA78E1000F7DAE /* Sample-projectTests */ = {
			isa = PBXGroup;
			children = (
				1DF78C6B29EA78E1000F7DAE /* NetworkTests.swift */,
			);
			path = "Sample-projectTests";
			sourceTree = "<group>";
		};
		1DF78C8D29EA839D000F7DAE /* RestfulAPI */ = {
			isa = PBXGroup;
			children = (
				1DF78C8929EA82B7000F7DAE /* GithubRequest.swift */,
			);
			path = RestfulAPI;
			sourceTree = "<group>";
		};
		1DF78C8F29EA8F33000F7DAE /* UIKit */ = {
			isa = PBXGroup;
			children = (
				1DF78C9029EA8F3F000F7DAE /* UIAlertController+.swift */,
			);
			path = UIKit;
			sourceTree = "<group>";
		};
		1DFD5DAF29E2E30C00362CC4 /* Flows */ = {
			isa = PBXGroup;
			children = (
				1DFD5DB029E2E32600362CC4 /* SampleStep.swift */,
				1DFD5DB229E2E32D00362CC4 /* AppFlow.swift */,
				1DFD5DC029E2E76800362CC4 /* MemoFlow.swift */,
				1D69F09529E6A88D002AD062 /* GithubSearchFlow.swift */,
				1D69F09729E6AD80002AD062 /* DashboardFlow.swift */,
			);
			path = Flows;
			sourceTree = "<group>";
		};
		1DFD5DCC29E3F28300362CC4 /* Supporting */ = {
			isa = PBXGroup;
			children = (
				BD35E2F929E004A600026C5D /* Info.plist */,
				BD35E2F629E004A600026C5D /* LaunchScreen.storyboard */,
				BD35E2F429E004A600026C5D /* Assets.xcassets */,
			);
			path = Supporting;
			sourceTree = "<group>";
		};
		1DFD5DCD29E3F30F00362CC4 /* Extension */ = {
			isa = PBXGroup;
			children = (
				1DF78C8F29EA8F33000F7DAE /* UIKit */,
				1DFD5DCE29E3F31C00362CC4 /* Rx */,
			);
			path = Extension;
			sourceTree = "<group>";
		};
		1DFD5DCE29E3F31C00362CC4 /* Rx */ = {
			isa = PBXGroup;
			children = (
				1DFD5DCF29E3F35A00362CC4 /* UIViewController+Rx.swift */,
			);
			path = Rx;
			sourceTree = "<group>";
		};
		BD35E2DF29E0049F00026C5D = {
			isa = PBXGroup;
			children = (
				BD35E2EA29E0049F00026C5D /* Sample-project */,
				1DF78C6A29EA78E1000F7DAE /* Sample-projectTests */,
				BD35E2E929E0049F00026C5D /* Products */,
				1DF78C5129EA710B000F7DAE /* Frameworks */,
				0EC7481300C140BBB4C48C11 /* Pods */,
			);
			sourceTree = "<group>";
		};
		BD35E2E929E0049F00026C5D /* Products */ = {
			isa = PBXGroup;
			children = (
				BD35E2E829E0049F00026C5D /* Sample-project.app */,
				1DF78C6929EA78E0000F7DAE /* Sample-projectTests.xctest */,
			);
			name = Products;
			sourceTree = "<group>";
		};
		BD35E2EA29E0049F00026C5D /* Sample-project */ = {
			isa = PBXGroup;
			children = (
				1DF78C8D29EA839D000F7DAE /* RestfulAPI */,
				1DFD5DCD29E3F30F00362CC4 /* Extension */,
				1DFD5DCC29E3F28300362CC4 /* Supporting */,
				BD35E31729E0096200026C5D /* Services */,
				1DFD5DAF29E2E30C00362CC4 /* Flows */,
				BD35E31429E0088C00026C5D /* Modules */,
				BD35E31329E0087A00026C5D /* Application */,
				BD35E31229E0081B00026C5D /* Models */,
			);
			path = "Sample-project";
			sourceTree = "<group>";
		};
		BD35E31229E0081B00026C5D /* Models */ = {
			isa = PBXGroup;
			children = (
				BD35E31529E008CA00026C5D /* Memo.swift */,
				1DF78C8B29EA835D000F7DAE /* GithubSearch.swift */,
			);
			path = Models;
			sourceTree = "<group>";
		};
		BD35E31329E0087A00026C5D /* Application */ = {
			isa = PBXGroup;
			children = (
				BD35E2EB29E0049F00026C5D /* AppDelegate.swift */,
				BD35E2ED29E0049F00026C5D /* SceneDelegate.swift */,
			);
			path = Application;
			sourceTree = "<group>";
		};
		BD35E31429E0088C00026C5D /* Modules */ = {
			isa = PBXGroup;
			children = (
				1D69F08D29E6A29B002AD062 /* GithubSearch */,
				1D69F08C29E6A195002AD062 /* Memo */,
			);
			path = Modules;
			sourceTree = "<group>";
		};
		BD35E31729E0096200026C5D /* Services */ = {
			isa = PBXGroup;
			children = (
				1DE8746129EA60500019766C /* NetworkManager */,
				BD35E31B29E00A0200026C5D /* MemoryStorage */,
				1DFD5DC229E2EE4400362CC4 /* ServiceProvider.swift */,
			);
			path = Services;
			sourceTree = "<group>";
		};
		BD35E31B29E00A0200026C5D /* MemoryStorage */ = {
			isa = PBXGroup;
			children = (
				BD35E31929E0097B00026C5D /* MemoStorageType.swift */,
				BD35E32029E00A9C00026C5D /* MemoryStorage.swift */,
			);
			path = MemoryStorage;
			sourceTree = "<group>";
		};
		BD35E32229E00E8100026C5D /* MemoList */ = {
			isa = PBXGroup;
			children = (
				1DFD5DC429E2F7FC00362CC4 /* MemoListViewController.storyboard */,
				BD35E2EF29E0049F00026C5D /* MemoListViewController.swift */,
				BD35E32929E00F2300026C5D /* MemoListReactor.swift */,
			);
			path = MemoList;
			sourceTree = "<group>";
		};
		BD35E32329E00E9300026C5D /* MemoDetail */ = {
			isa = PBXGroup;
			children = (
				1DFD5DC629E3D8E200362CC4 /* MemoDetailViewController.storyboard */,
				BD35E32429E00EA200026C5D /* MemoDetailViewController.swift */,
				BD35E32B29E00FCE00026C5D /* MemoDetailReactor.swift */,
			);
			path = MemoDetail;
			sourceTree = "<group>";
		};
		BD35E32629E00EB100026C5D /* MemoCompose */ = {
			isa = PBXGroup;
			children = (
				1DFD5DC829E3D91000362CC4 /* MemoComposeViewController.storyboard */,
				BD35E32729E00ED000026C5D /* MemoComposeViewController.swift */,
				BD35E32D29E0100100026C5D /* MemoComposeReactor.swift */,
			);
			path = MemoCompose;
			sourceTree = "<group>";
		};
/* End PBXGroup section */

/* Begin PBXNativeTarget section */
		1DF78C6829EA78E0000F7DAE /* Sample-projectTests */ = {
			isa = PBXNativeTarget;
			buildConfigurationList = 1DF78C6F29EA78E1000F7DAE /* Build configuration list for PBXNativeTarget "Sample-projectTests" */;
			buildPhases = (
				B616DC1DBAF59F0FE362CD26 /* [CP] Check Pods Manifest.lock */,
				1DF78C6529EA78E0000F7DAE /* Sources */,
				1DF78C6629EA78E0000F7DAE /* Frameworks */,
				1DF78C6729EA78E0000F7DAE /* Resources */,
			);
			buildRules = (
			);
			dependencies = (
				1DF78C6E29EA78E1000F7DAE /* PBXTargetDependency */,
			);
			name = "Sample-projectTests";
			productName = "Sample-projectTests";
			productReference = 1DF78C6929EA78E0000F7DAE /* Sample-projectTests.xctest */;
			productType = "com.apple.product-type.bundle.unit-test";
		};
		BD35E2E729E0049F00026C5D /* Sample-project */ = {
			isa = PBXNativeTarget;
			buildConfigurationList = BD35E2FC29E004A600026C5D /* Build configuration list for PBXNativeTarget "Sample-project" */;
			buildPhases = (
				5765935FB09625EBF91A4BA4 /* [CP] Check Pods Manifest.lock */,
				BD35E2E429E0049F00026C5D /* Sources */,
				BD35E2E529E0049F00026C5D /* Frameworks */,
				BD35E2E629E0049F00026C5D /* Resources */,
			);
			buildRules = (
			);
			dependencies = (
			);
			name = "Sample-project";
			productName = RxMemo;
			productReference = BD35E2E829E0049F00026C5D /* Sample-project.app */;
			productType = "com.apple.product-type.application";
		};
/* End PBXNativeTarget section */

/* Begin PBXProject section */
		BD35E2E029E0049F00026C5D /* Project object */ = {
			isa = PBXProject;
			attributes = {
				BuildIndependentTargetsInParallel = 1;
				LastSwiftUpdateCheck = 1420;
				LastUpgradeCheck = 1420;
				TargetAttributes = {
					1DF78C6829EA78E0000F7DAE = {
						CreatedOnToolsVersion = 14.2;
						TestTargetID = BD35E2E729E0049F00026C5D;
					};
					BD35E2E729E0049F00026C5D = {
						CreatedOnToolsVersion = 14.2;
					};
				};
			};
			buildConfigurationList = BD35E2E329E0049F00026C5D /* Build configuration list for PBXProject "Sample-project" */;
			compatibilityVersion = "Xcode 14.0";
			developmentRegion = en;
			hasScannedForEncodings = 0;
			knownRegions = (
				en,
				Base,
			);
			mainGroup = BD35E2DF29E0049F00026C5D;
			productRefGroup = BD35E2E929E0049F00026C5D /* Products */;
			projectDirPath = "";
			projectRoot = "";
			targets = (
				BD35E2E729E0049F00026C5D /* Sample-project */,
				1DF78C6829EA78E0000F7DAE /* Sample-projectTests */,
			);
		};
/* End PBXProject section */

/* Begin PBXResourcesBuildPhase section */
		1DF78C6729EA78E0000F7DAE /* Resources */ = {
			isa = PBXResourcesBuildPhase;
			buildActionMask = 2147483647;
			files = (
			);
			runOnlyForDeploymentPostprocessing = 0;
		};
		BD35E2E629E0049F00026C5D /* Resources */ = {
			isa = PBXResourcesBuildPhase;
			buildActionMask = 2147483647;
			files = (
				BD35E2F829E004A600026C5D /* LaunchScreen.storyboard in Resources */,
				1DE8745C29EA55C30019766C /* GithubSearchResultViewController.storyboard in Resources */,
				BD35E2F529E004A600026C5D /* Assets.xcassets in Resources */,
				1DFD5DC729E3D8E200362CC4 /* MemoDetailViewController.storyboard in Resources */,
				1D69F09429E6A318002AD062 /* GithubSearchMainViewController.storyboard in Resources */,
				1DFD5DC929E3D91000362CC4 /* MemoComposeViewController.storyboard in Resources */,
				1DFD5DC529E2F7FC00362CC4 /* MemoListViewController.storyboard in Resources */,
			);
			runOnlyForDeploymentPostprocessing = 0;
		};
/* End PBXResourcesBuildPhase section */

/* Begin PBXShellScriptBuildPhase section */
		5765935FB09625EBF91A4BA4 /* [CP] Check Pods Manifest.lock */ = {
			isa = PBXShellScriptBuildPhase;
			buildActionMask = 2147483647;
			files = (
			);
			inputFileListPaths = (
			);
			inputPaths = (
				"${PODS_PODFILE_DIR_PATH}/Podfile.lock",
				"${PODS_ROOT}/Manifest.lock",
			);
			name = "[CP] Check Pods Manifest.lock";
			outputFileListPaths = (
			);
			outputPaths = (
				"$(DERIVED_FILE_DIR)/Pods-Sample-project-checkManifestLockResult.txt",
			);
			runOnlyForDeploymentPostprocessing = 0;
			shellPath = /bin/sh;
			shellScript = "diff \"${PODS_PODFILE_DIR_PATH}/Podfile.lock\" \"${PODS_ROOT}/Manifest.lock\" > /dev/null\nif [ $? != 0 ] ; then\n    # print error to STDERR\n    echo \"error: The sandbox is not in sync with the Podfile.lock. Run 'pod install' or update your CocoaPods installation.\" >&2\n    exit 1\nfi\n# This output is used by Xcode 'outputs' to avoid re-running this script phase.\necho \"SUCCESS\" > \"${SCRIPT_OUTPUT_FILE_0}\"\n";
			showEnvVarsInLog = 0;
		};
		B616DC1DBAF59F0FE362CD26 /* [CP] Check Pods Manifest.lock */ = {
			isa = PBXShellScriptBuildPhase;
			buildActionMask = 2147483647;
			files = (
			);
			inputFileListPaths = (
			);
			inputPaths = (
				"${PODS_PODFILE_DIR_PATH}/Podfile.lock",
				"${PODS_ROOT}/Manifest.lock",
			);
			name = "[CP] Check Pods Manifest.lock";
			outputFileListPaths = (
			);
			outputPaths = (
				"$(DERIVED_FILE_DIR)/Pods-Sample-projectTests-checkManifestLockResult.txt",
			);
			runOnlyForDeploymentPostprocessing = 0;
			shellPath = /bin/sh;
			shellScript = "diff \"${PODS_PODFILE_DIR_PATH}/Podfile.lock\" \"${PODS_ROOT}/Manifest.lock\" > /dev/null\nif [ $? != 0 ] ; then\n    # print error to STDERR\n    echo \"error: The sandbox is not in sync with the Podfile.lock. Run 'pod install' or update your CocoaPods installation.\" >&2\n    exit 1\nfi\n# This output is used by Xcode 'outputs' to avoid re-running this script phase.\necho \"SUCCESS\" > \"${SCRIPT_OUTPUT_FILE_0}\"\n";
			showEnvVarsInLog = 0;
		};
/* End PBXShellScriptBuildPhase section */

/* Begin PBXSourcesBuildPhase section */
		1DF78C6529EA78E0000F7DAE /* Sources */ = {
			isa = PBXSourcesBuildPhase;
			buildActionMask = 2147483647;
			files = (
				1DF78C6C29EA78E1000F7DAE /* NetworkTests.swift in Sources */,
			);
			runOnlyForDeploymentPostprocessing = 0;
		};
		BD35E2E429E0049F00026C5D /* Sources */ = {
			isa = PBXSourcesBuildPhase;
			buildActionMask = 2147483647;
			files = (
				BD35E2F029E0049F00026C5D /* MemoListViewController.swift in Sources */,
				1DE8746E29EA65110019766C /* NetworkError.swift in Sources */,
				BD35E32529E00EA200026C5D /* MemoDetailViewController.swift in Sources */,
				BD35E32A29E00F2300026C5D /* MemoListReactor.swift in Sources */,
				BD35E32129E00A9C00026C5D /* MemoryStorage.swift in Sources */,
				1DFD5DD029E3F35A00362CC4 /* UIViewController+Rx.swift in Sources */,
				BD35E31A29E0097B00026C5D /* MemoStorageType.swift in Sources */,
				BD35E2EC29E0049F00026C5D /* AppDelegate.swift in Sources */,
				BD35E32E29E0100100026C5D /* MemoComposeReactor.swift in Sources */,
				1DE8746929EA61D20019766C /* ResponseType.swift in Sources */,
				1DE8746729EA61670019766C /* HTTPMethod.swift in Sources */,
				1DE8746529EA61090019766C /* ReqeustType.swift in Sources */,
				BD35E2EE29E0049F00026C5D /* SceneDelegate.swift in Sources */,
				1DFD5DC329E2EE4400362CC4 /* ServiceProvider.swift in Sources */,
				1D69F09029E6A300002AD062 /* GithubSearchMainViewController.swift in Sources */,
				1D69F09229E6A30B002AD062 /* GithubSearchMainReactor.swift in Sources */,
				1DFD5DB329E2E32D00362CC4 /* AppFlow.swift in Sources */,
				1DE8746329EA60A80019766C /* NetworkManagerType.swift in Sources */,
				BD35E32829E00ED000026C5D /* MemoComposeViewController.swift in Sources */,
				1D69F09629E6A88D002AD062 /* GithubSearchFlow.swift in Sources */,
				1DF78C8C29EA835D000F7DAE /* GithubSearch.swift in Sources */,
				BD35E32C29E00FCE00026C5D /* MemoDetailReactor.swift in Sources */,
				1DF78C9129EA8F3F000F7DAE /* UIAlertController+.swift in Sources */,
				1DE8746029EA5B5B0019766C /* GithubSearchResultViewController.swift in Sources */,
				BD35E31629E008CA00026C5D /* Memo.swift in Sources */,
				1D69F09829E6AD80002AD062 /* DashboardFlow.swift in Sources */,
				1DF78C8A29EA82B7000F7DAE /* GithubRequest.swift in Sources */,
				1DE8746C29EA62660019766C /* NetworkManger.swift in Sources */,
				1DFD5DB129E2E32600362CC4 /* SampleStep.swift in Sources */,
				1DFD5DC129E2E76800362CC4 /* MemoFlow.swift in Sources */,
				1DE8745E29EA5B500019766C /* GithubSearchResultReactor.swift in Sources */,
			);
			runOnlyForDeploymentPostprocessing = 0;
		};
/* End PBXSourcesBuildPhase section */

/* Begin PBXTargetDependency section */
		1DF78C6E29EA78E1000F7DAE /* PBXTargetDependency */ = {
			isa = PBXTargetDependency;
			target = BD35E2E729E0049F00026C5D /* Sample-project */;
			targetProxy = 1DF78C6D29EA78E1000F7DAE /* PBXContainerItemProxy */;
		};
/* End PBXTargetDependency section */

/* Begin PBXVariantGroup section */
		BD35E2F629E004A600026C5D /* LaunchScreen.storyboard */ = {
			isa = PBXVariantGroup;
			children = (
				BD35E2F729E004A600026C5D /* Base */,
			);
			name = LaunchScreen.storyboard;
			sourceTree = "<group>";
		};
/* End PBXVariantGroup section */

/* Begin XCBuildConfiguration section */
		1DF78C7029EA78E1000F7DAE /* Debug */ = {
			isa = XCBuildConfiguration;
			baseConfigurationReference = B0BCC204F55D5E5C5CF3EDCC /* Pods-Sample-projectTests.debug.xcconfig */;
			buildSettings = {
				BUNDLE_LOADER = "$(TEST_HOST)";
				CODE_SIGN_STYLE = Automatic;
				CURRENT_PROJECT_VERSION = 1;
				DEVELOPMENT_TEAM = HC2Z7MJWST;
				GENERATE_INFOPLIST_FILE = YES;
				MARKETING_VERSION = 1.0;
				PRODUCT_BUNDLE_IDENTIFIER = "co.kr.Sample-projectTests";
				PRODUCT_NAME = "$(TARGET_NAME)";
				SWIFT_EMIT_LOC_STRINGS = NO;
				SWIFT_VERSION = 5.0;
				TARGETED_DEVICE_FAMILY = "1,2";
				TEST_HOST = "$(BUILT_PRODUCTS_DIR)/Sample-project.app/$(BUNDLE_EXECUTABLE_FOLDER_PATH)/Sample-project";
			};
			name = Debug;
		};
		1DF78C7129EA78E1000F7DAE /* Release */ = {
			isa = XCBuildConfiguration;
			baseConfigurationReference = A379B5EEC7334BDE7C43C689 /* Pods-Sample-projectTests.release.xcconfig */;
			buildSettings = {
				BUNDLE_LOADER = "$(TEST_HOST)";
				CODE_SIGN_STYLE = Automatic;
				CURRENT_PROJECT_VERSION = 1;
				DEVELOPMENT_TEAM = HC2Z7MJWST;
				GENERATE_INFOPLIST_FILE = YES;
				MARKETING_VERSION = 1.0;
				PRODUCT_BUNDLE_IDENTIFIER = "co.kr.Sample-projectTests";
				PRODUCT_NAME = "$(TARGET_NAME)";
				SWIFT_EMIT_LOC_STRINGS = NO;
				SWIFT_VERSION = 5.0;
				TARGETED_DEVICE_FAMILY = "1,2";
				TEST_HOST = "$(BUILT_PRODUCTS_DIR)/Sample-project.app/$(BUNDLE_EXECUTABLE_FOLDER_PATH)/Sample-project";
			};
			name = Release;
		};
		BD35E2FA29E004A600026C5D /* Debug */ = {
			isa = XCBuildConfiguration;
			buildSettings = {
				ALWAYS_SEARCH_USER_PATHS = NO;
				CLANG_ANALYZER_NONNULL = YES;
				CLANG_ANALYZER_NUMBER_OBJECT_CONVERSION = YES_AGGRESSIVE;
				CLANG_CXX_LANGUAGE_STANDARD = "gnu++20";
				CLANG_ENABLE_MODULES = YES;
				CLANG_ENABLE_OBJC_ARC = YES;
				CLANG_ENABLE_OBJC_WEAK = YES;
				CLANG_WARN_BLOCK_CAPTURE_AUTORELEASING = YES;
				CLANG_WARN_BOOL_CONVERSION = YES;
				CLANG_WARN_COMMA = YES;
				CLANG_WARN_CONSTANT_CONVERSION = YES;
				CLANG_WARN_DEPRECATED_OBJC_IMPLEMENTATIONS = YES;
				CLANG_WARN_DIRECT_OBJC_ISA_USAGE = YES_ERROR;
				CLANG_WARN_DOCUMENTATION_COMMENTS = YES;
				CLANG_WARN_EMPTY_BODY = YES;
				CLANG_WARN_ENUM_CONVERSION = YES;
				CLANG_WARN_INFINITE_RECURSION = YES;
				CLANG_WARN_INT_CONVERSION = YES;
				CLANG_WARN_NON_LITERAL_NULL_CONVERSION = YES;
				CLANG_WARN_OBJC_IMPLICIT_RETAIN_SELF = YES;
				CLANG_WARN_OBJC_LITERAL_CONVERSION = YES;
				CLANG_WARN_OBJC_ROOT_CLASS = YES_ERROR;
				CLANG_WARN_QUOTED_INCLUDE_IN_FRAMEWORK_HEADER = YES;
				CLANG_WARN_RANGE_LOOP_ANALYSIS = YES;
				CLANG_WARN_STRICT_PROTOTYPES = YES;
				CLANG_WARN_SUSPICIOUS_MOVE = YES;
				CLANG_WARN_UNGUARDED_AVAILABILITY = YES_AGGRESSIVE;
				CLANG_WARN_UNREACHABLE_CODE = YES;
				CLANG_WARN__DUPLICATE_METHOD_MATCH = YES;
				COPY_PHASE_STRIP = NO;
				DEBUG_INFORMATION_FORMAT = dwarf;
				ENABLE_STRICT_OBJC_MSGSEND = YES;
				ENABLE_TESTABILITY = YES;
				GCC_C_LANGUAGE_STANDARD = gnu11;
				GCC_DYNAMIC_NO_PIC = NO;
				GCC_NO_COMMON_BLOCKS = YES;
				GCC_OPTIMIZATION_LEVEL = 0;
				GCC_PREPROCESSOR_DEFINITIONS = (
					"DEBUG=1",
					"$(inherited)",
				);
				GCC_WARN_64_TO_32_BIT_CONVERSION = YES;
				GCC_WARN_ABOUT_RETURN_TYPE = YES_ERROR;
				GCC_WARN_UNDECLARED_SELECTOR = YES;
				GCC_WARN_UNINITIALIZED_AUTOS = YES_AGGRESSIVE;
				GCC_WARN_UNUSED_FUNCTION = YES;
				GCC_WARN_UNUSED_VARIABLE = YES;
				IPHONEOS_DEPLOYMENT_TARGET = 16.2;
				MTL_ENABLE_DEBUG_INFO = INCLUDE_SOURCE;
				MTL_FAST_MATH = YES;
				ONLY_ACTIVE_ARCH = YES;
				SDKROOT = iphoneos;
				SWIFT_ACTIVE_COMPILATION_CONDITIONS = DEBUG;
				SWIFT_OPTIMIZATION_LEVEL = "-Onone";
			};
			name = Debug;
		};
		BD35E2FB29E004A600026C5D /* Release */ = {
			isa = XCBuildConfiguration;
			buildSettings = {
				ALWAYS_SEARCH_USER_PATHS = NO;
				CLANG_ANALYZER_NONNULL = YES;
				CLANG_ANALYZER_NUMBER_OBJECT_CONVERSION = YES_AGGRESSIVE;
				CLANG_CXX_LANGUAGE_STANDARD = "gnu++20";
				CLANG_ENABLE_MODULES = YES;
				CLANG_ENABLE_OBJC_ARC = YES;
				CLANG_ENABLE_OBJC_WEAK = YES;
				CLANG_WARN_BLOCK_CAPTURE_AUTORELEASING = YES;
				CLANG_WARN_BOOL_CONVERSION = YES;
				CLANG_WARN_COMMA = YES;
				CLANG_WARN_CONSTANT_CONVERSION = YES;
				CLANG_WARN_DEPRECATED_OBJC_IMPLEMENTATIONS = YES;
				CLANG_WARN_DIRECT_OBJC_ISA_USAGE = YES_ERROR;
				CLANG_WARN_DOCUMENTATION_COMMENTS = YES;
				CLANG_WARN_EMPTY_BODY = YES;
				CLANG_WARN_ENUM_CONVERSION = YES;
				CLANG_WARN_INFINITE_RECURSION = YES;
				CLANG_WARN_INT_CONVERSION = YES;
				CLANG_WARN_NON_LITERAL_NULL_CONVERSION = YES;
				CLANG_WARN_OBJC_IMPLICIT_RETAIN_SELF = YES;
				CLANG_WARN_OBJC_LITERAL_CONVERSION = YES;
				CLANG_WARN_OBJC_ROOT_CLASS = YES_ERROR;
				CLANG_WARN_QUOTED_INCLUDE_IN_FRAMEWORK_HEADER = YES;
				CLANG_WARN_RANGE_LOOP_ANALYSIS = YES;
				CLANG_WARN_STRICT_PROTOTYPES = YES;
				CLANG_WARN_SUSPICIOUS_MOVE = YES;
				CLANG_WARN_UNGUARDED_AVAILABILITY = YES_AGGRESSIVE;
				CLANG_WARN_UNREACHABLE_CODE = YES;
				CLANG_WARN__DUPLICATE_METHOD_MATCH = YES;
				COPY_PHASE_STRIP = NO;
				DEBUG_INFORMATION_FORMAT = "dwarf-with-dsym";
				ENABLE_NS_ASSERTIONS = NO;
				ENABLE_STRICT_OBJC_MSGSEND = YES;
				GCC_C_LANGUAGE_STANDARD = gnu11;
				GCC_NO_COMMON_BLOCKS = YES;
				GCC_WARN_64_TO_32_BIT_CONVERSION = YES;
				GCC_WARN_ABOUT_RETURN_TYPE = YES_ERROR;
				GCC_WARN_UNDECLARED_SELECTOR = YES;
				GCC_WARN_UNINITIALIZED_AUTOS = YES_AGGRESSIVE;
				GCC_WARN_UNUSED_FUNCTION = YES;
				GCC_WARN_UNUSED_VARIABLE = YES;
				IPHONEOS_DEPLOYMENT_TARGET = 16.2;
				MTL_ENABLE_DEBUG_INFO = NO;
				MTL_FAST_MATH = YES;
				SDKROOT = iphoneos;
				SWIFT_COMPILATION_MODE = wholemodule;
				SWIFT_OPTIMIZATION_LEVEL = "-O";
				VALIDATE_PRODUCT = YES;
			};
			name = Release;
		};
		BD35E2FD29E004A600026C5D /* Debug */ = {
			isa = XCBuildConfiguration;
			baseConfigurationReference = 33C149A1968A7E7D7EDFDF5C /* Pods-Sample-project.debug.xcconfig */;
			buildSettings = {
				ASSETCATALOG_COMPILER_APPICON_NAME = AppIcon;
				ASSETCATALOG_COMPILER_GLOBAL_ACCENT_COLOR_NAME = AccentColor;
				CODE_SIGN_STYLE = Automatic;
				CURRENT_PROJECT_VERSION = 1;
				DEVELOPMENT_TEAM = HC2Z7MJWST;
				GENERATE_INFOPLIST_FILE = YES;
				INFOPLIST_FILE = "Sample-project/Supporting/Info.plist";
				INFOPLIST_KEY_UIApplicationSupportsIndirectInputEvents = YES;
				INFOPLIST_KEY_UILaunchStoryboardName = LaunchScreen;
				INFOPLIST_KEY_UISupportedInterfaceOrientations_iPad = "UIInterfaceOrientationPortrait UIInterfaceOrientationPortraitUpsideDown UIInterfaceOrientationLandscapeLeft UIInterfaceOrientationLandscapeRight";
				INFOPLIST_KEY_UISupportedInterfaceOrientations_iPhone = "UIInterfaceOrientationPortrait UIInterfaceOrientationLandscapeLeft UIInterfaceOrientationLandscapeRight";
				LD_RUNPATH_SEARCH_PATHS = (
					"$(inherited)",
					"@executable_path/Frameworks",
				);
				MARKETING_VERSION = 1.0;
				PRODUCT_BUNDLE_IDENTIFIER = co.project.sample;
				PRODUCT_NAME = "$(TARGET_NAME)";
				SWIFT_EMIT_LOC_STRINGS = YES;
				SWIFT_VERSION = 5.0;
				TARGETED_DEVICE_FAMILY = "1,2";
			};
			name = Debug;
		};
		BD35E2FE29E004A600026C5D /* Release */ = {
			isa = XCBuildConfiguration;
			baseConfigurationReference = 5D50D647335F20A979A1811D /* Pods-Sample-project.release.xcconfig */;
			buildSettings = {
				ASSETCATALOG_COMPILER_APPICON_NAME = AppIcon;
				ASSETCATALOG_COMPILER_GLOBAL_ACCENT_COLOR_NAME = AccentColor;
				CODE_SIGN_STYLE = Automatic;
				CURRENT_PROJECT_VERSION = 1;
				DEVELOPMENT_TEAM = HC2Z7MJWST;
				GENERATE_INFOPLIST_FILE = YES;
				INFOPLIST_FILE = "Sample-project/Supporting/Info.plist";
				INFOPLIST_KEY_UIApplicationSupportsIndirectInputEvents = YES;
				INFOPLIST_KEY_UILaunchStoryboardName = LaunchScreen;
				INFOPLIST_KEY_UISupportedInterfaceOrientations_iPad = "UIInterfaceOrientationPortrait UIInterfaceOrientationPortraitUpsideDown UIInterfaceOrientationLandscapeLeft UIInterfaceOrientationLandscapeRight";
				INFOPLIST_KEY_UISupportedInterfaceOrientations_iPhone = "UIInterfaceOrientationPortrait UIInterfaceOrientationLandscapeLeft UIInterfaceOrientationLandscapeRight";
				LD_RUNPATH_SEARCH_PATHS = (
					"$(inherited)",
					"@executable_path/Frameworks",
				);
				MARKETING_VERSION = 1.0;
				PRODUCT_BUNDLE_IDENTIFIER = co.project.sample;
				PRODUCT_NAME = "$(TARGET_NAME)";
				SWIFT_EMIT_LOC_STRINGS = YES;
				SWIFT_VERSION = 5.0;
				TARGETED_DEVICE_FAMILY = "1,2";
			};
			name = Release;
		};
/* End XCBuildConfiguration section */

/* Begin XCConfigurationList section */
		1DF78C6F29EA78E1000F7DAE /* Build configuration list for PBXNativeTarget "Sample-projectTests" */ = {
			isa = XCConfigurationList;
			buildConfigurations = (
				1DF78C7029EA78E1000F7DAE /* Debug */,
				1DF78C7129EA78E1000F7DAE /* Release */,
			);
			defaultConfigurationIsVisible = 0;
			defaultConfigurationName = Release;
		};
		BD35E2E329E0049F00026C5D /* Build configuration list for PBXProject "Sample-project" */ = {
			isa = XCConfigurationList;
			buildConfigurations = (
				BD35E2FA29E004A600026C5D /* Debug */,
				BD35E2FB29E004A600026C5D /* Release */,
			);
			defaultConfigurationIsVisible = 0;
			defaultConfigurationName = Release;
		};
		BD35E2FC29E004A600026C5D /* Build configuration list for PBXNativeTarget "Sample-project" */ = {
			isa = XCConfigurationList;
			buildConfigurations = (
				BD35E2FD29E004A600026C5D /* Debug */,
				BD35E2FE29E004A600026C5D /* Release */,
			);
			defaultConfigurationIsVisible = 0;
			defaultConfigurationName = Release;
		};
/* End XCConfigurationList section */
	};
	rootObject = BD35E2E029E0049F00026C5D /* Project object */;
}
